
Microsoft Visual Studio Solution File, Format Version 12.00
# Visual Studio Version 17
VisualStudioVersion = 17.10.35004.147
MinimumVisualStudioVersion = 10.0.40219.1
Project("{FAE04EC0-301F-11D3-BF4B-00C04F79EFBC}") = "АПИ ПОГОДА", "АПИ ПОГОДА\АПИ ПОГОДА.csproj", "{01E77830-E194-4480-BC82-D31FD403E174}"
EndProject
Global
	GlobalSection(SolutionConfigurationPlatforms) = preSolution
		Debug|Any CPU = Debug|Any CPU
		Release|Any CPU = Release|Any CPU
	EndGlobalSection
	GlobalSection(ProjectConfigurationPlatforms) = postSolution
		{01E77830-E194-4480-BC82-D31FD403E174}.Debug|Any CPU.ActiveCfg = Debug|Any CPU
		{01E77830-E194-4480-BC82-D31FD403E174}.Debug|Any CPU.Build.0 = Debug|Any CPU
		{01E77830-E194-4480-BC82-D31FD403E174}.Release|Any CPU.ActiveCfg = Release|Any CPU
		{01E77830-E194-4480-BC82-D31FD403E174}.Release|Any CPU.Build.0 = Release|Any CPU
	EndGlobalSection
	GlobalSection(SolutionProperties) = preSolution
		HideSolutionNode = FALSE
	EndGlobalSection
	GlobalSection(ExtensibilityGlobals) = postSolution
		SolutionGuid = {6289E62E-41A1-483E-AFA8-D1734DC148A7}
	EndGlobalSection
EndGlobal
